{
  "originHash" : "a955ee470974e851a65d05beddefab8211a9e227af257be8e031be69621bfbda",
  "pins" : [
    {
      "identity" : "smbclient",
      "kind" : "remoteSourceControl",
      "location" : "https://github.com/kishikawakatsumi/SMBClient.git",
      "state" : {
        "revision" : "66eafaa6d17e034e8036dee4b3ebc1b52cb53919"
      }
    }
  ],
  "version" : 3
}
