// !$*UTF8*$!
{ archiveVersion = 1; classes = {}; objectVersion = 56; objects = {
7097B8415BC81A1DCCAD5F71 = { isa = XCLocalSwiftPackageReference; relativePath = .build/dependencies/SMBClient; };
9DACF4B151B7957062D8D2F6 = { isa = XCSwiftPackageProductDependency; package = 7097B8415BC81A1DCCAD5F71; productName = SMBClient; };
558D702218B612FB0EBBA09D = { isa = PBXBuildFile; productRef = 9DACF4B151B7957062D8D2F6; };
A024E0D1CBBC1E58F037DC6C = { isa = PBXFileReference; lastKnownFileType = wrapper.xcframework; path = .build/frameworks/TailscaleKit.xcframework; sourceTree = SOURCE_ROOT; };
59C2CCEB724975B850E336A4 = { isa = PBXBuildFile; fileRef = A024E0D1CBBC1E58F037DC6C; };
48E8E3276E1953B418C66F87 = { isa = PBXBuildFile; fileRef = A024E0D1CBBC1E58F037DC6C; settings = { ATTRIBUTES = (CodeSignOnCopy, RemoveHeadersOnCopy,); }; };
31588EA4D95FB1FD4E3C41A8 = { isa = PBXFileReference; lastKnownFileType = sourcecode.swift; path = "AppBrowser.swift"; sourceTree = "<group>"; };
3DB816054F20352945B1D225 = { isa = PBXBuildFile; fileRef = 31588EA4D95FB1FD4E3C41A8; };
3E096E673A0D0958E58CCF28 = { isa = PBXFileReference; lastKnownFileType = sourcecode.swift; path = "AppFolders.swift"; sourceTree = "<group>"; };
99534D3A62CF3E80C633E498 = { isa = PBXBuildFile; fileRef = 3E096E673A0D0958E58CCF28; };
1CE5F84E099BBBBA2E007277 = { isa = PBXFileReference; lastKnownFileType = sourcecode.swift; path = "AppLock.swift"; sourceTree = "<group>"; };
FFDE4DD8F028CED98BBFBAE4 = { isa = PBXBuildFile; fileRef = 1CE5F84E099BBBBA2E007277; };
9577601B35B2725E629C266E = { isa = PBXFileReference; lastKnownFileType = sourcecode.swift; path = "AppStore.swift"; sourceTree = "<group>"; };
C42CEAF00DA7AEED52FD0A6A = { isa = PBXBuildFile; fileRef = 9577601B35B2725E629C266E; };
55AC56A62BAC3E9F621F4E8B = { isa = PBXFileReference; lastKnownFileType = sourcecode.swift; path = "AsterOSApp.swift"; sourceTree = "<group>"; };
6EB88BB56FB0B286D5164FF1 = { isa = PBXBuildFile; fileRef = 55AC56A62BAC3E9F621F4E8B; };
94D1A0CAFF855ED0D9FD6943 = { isa = PBXFileReference; lastKnownFileType = sourcecode.swift; path = "CompanionFiles.swift"; sourceTree = "<group>"; };
B45E25F8D3B9026AAC47B7BA = { isa = PBXBuildFile; fileRef = 94D1A0CAFF855ED0D9FD6943; };
DD5A035F21D4D1EDCC8194D4 = { isa = PBXFileReference; lastKnownFileType = sourcecode.swift; path = "ContainerHealth.swift"; sourceTree = "<group>"; };
B9B82C461F02461D0C22ACBD = { isa = PBXBuildFile; fileRef = DD5A035F21D4D1EDCC8194D4; };
99061CC89EE0A54B7C4ACF98 = { isa = PBXFileReference; lastKnownFileType = sourcecode.swift; path = "ContainerManagement.swift"; sourceTree = "<group>"; };
180BC79C08F2167CDC7E805F = { isa = PBXBuildFile; fileRef = 99061CC89EE0A54B7C4ACF98; };
1FFBD0FE22AB3C26DAF80085 = { isa = PBXFileReference; lastKnownFileType = sourcecode.swift; path = "CredentialStore.swift"; sourceTree = "<group>"; };
A0C4C26B7EC358C8A1E871F3 = { isa = PBXBuildFile; fileRef = 1FFBD0FE22AB3C26DAF80085; };
1D46A493B6C7CD697AD7FDA2 = { isa = PBXFileReference; lastKnownFileType = sourcecode.swift; path = "CustomAppIcons.swift"; sourceTree = "<group>"; };
7B57FDEAD38CED57BDD21409 = { isa = PBXBuildFile; fileRef = 1D46A493B6C7CD697AD7FDA2; };
08E0EBDD0414AC15938298CC = { isa = PBXFileReference; lastKnownFileType = sourcecode.swift; path = "DashboardTelemetry.swift"; sourceTree = "<group>"; };
71F12D79FA7E7F516944BE41 = { isa = PBXBuildFile; fileRef = 08E0EBDD0414AC15938298CC; };
85688EC01F11CF49900448C8 = { isa = PBXFileReference; lastKnownFileType = sourcecode.swift; path = "DashboardView.swift"; sourceTree = "<group>"; };
951618740FB36DF7F89A6172 = { isa = PBXBuildFile; fileRef = 85688EC01F11CF49900448C8; };
538437F69661442DAEFF3D0C = { isa = PBXFileReference; lastKnownFileType = sourcecode.swift; path = "DirectFiles.swift"; sourceTree = "<group>"; };
EB25CA4B07C439CF2FC2126F = { isa = PBXBuildFile; fileRef = 538437F69661442DAEFF3D0C; };
7851A5488ED4BB4AA44F0E59 = { isa = PBXFileReference; lastKnownFileType = sourcecode.swift; path = "GlassTheme.swift"; sourceTree = "<group>"; };
18552DDC5E272D940F6FEDDC = { isa = PBXBuildFile; fileRef = 7851A5488ED4BB4AA44F0E59; };
E1CF312296E4AE85295F83BE = { isa = PBXFileReference; lastKnownFileType = sourcecode.swift; path = "Models.swift"; sourceTree = "<group>"; };
19DBC4548E17845949F733CF = { isa = PBXBuildFile; fileRef = E1CF312296E4AE85295F83BE; };
B973CC7FFFCCC6E44C01D2C4 = { isa = PBXFileReference; lastKnownFileType = sourcecode.swift; path = "NativeCatalog.swift"; sourceTree = "<group>"; };
458AC5A95C1A4B4DA1F00378 = { isa = PBXBuildFile; fileRef = B973CC7FFFCCC6E44C01D2C4; };
6165AD966EA298852AB96F80 = { isa = PBXFileReference; lastKnownFileType = sourcecode.swift; path = "NativeContainerForm.swift"; sourceTree = "<group>"; };
435580239DDE845EE58E9923 = { isa = PBXBuildFile; fileRef = 6165AD966EA298852AB96F80; };
7F825B6873DB6174DC8368E3 = { isa = PBXFileReference; lastKnownFileType = sourcecode.swift; path = "PhotoBackup.swift"; sourceTree = "<group>"; };
99CD0584FD34F44060D4F3A6 = { isa = PBXBuildFile; fileRef = 7F825B6873DB6174DC8368E3; };
E93B53C1C7AF1858ED5F5A31 = { isa = PBXFileReference; lastKnownFileType = sourcecode.swift; path = "PhotoBackupExecution.swift"; sourceTree = "<group>"; };
712A6BE1E7C744D831E9DFF8 = { isa = PBXBuildFile; fileRef = E93B53C1C7AF1858ED5F5A31; };
15B553D924795FFDC440551C = { isa = PBXFileReference; lastKnownFileType = sourcecode.swift; path = "PhotoBackupIndex.swift"; sourceTree = "<group>"; };
648F2C172D9A6960B44354C5 = { isa = PBXBuildFile; fileRef = 15B553D924795FFDC440551C; };
3F6BD02550B63EC38A6C64FD = { isa = PBXFileReference; lastKnownFileType = sourcecode.swift; path = "PhotoDownloadRecovery.swift"; sourceTree = "<group>"; };
AC22D8F956719E754AAD03DC = { isa = PBXBuildFile; fileRef = 3F6BD02550B63EC38A6C64FD; };
F87153C2043910B6F0329FC0 = { isa = PBXFileReference; lastKnownFileType = sourcecode.swift; path = "PhotoResourceExport.swift"; sourceTree = "<group>"; };
0E52CAB150DD6AF38392C1DF = { isa = PBXBuildFile; fileRef = F87153C2043910B6F0329FC0; };
3D3E23AB0F00DD5069541D33 = { isa = PBXFileReference; lastKnownFileType = sourcecode.swift; path = "PreferencesBackup.swift"; sourceTree = "<group>"; };
8725249512A65AA5E96832DC = { isa = PBXBuildFile; fileRef = 3D3E23AB0F00DD5069541D33; };
A18F5FE664C8938663475316 = { isa = PBXFileReference; lastKnownFileType = sourcecode.swift; path = "ReleaseReliability.swift"; sourceTree = "<group>"; };
CFB57CF62F1BDE252CA725B6 = { isa = PBXBuildFile; fileRef = A18F5FE664C8938663475316; };
1116312D7056FC4C697E0A12 = { isa = PBXFileReference; lastKnownFileType = sourcecode.swift; path = "ReviewDemo.swift"; sourceTree = "<group>"; };
7C9387AF62A07ECF9AEF4D37 = { isa = PBXBuildFile; fileRef = 1116312D7056FC4C697E0A12; };
10D3C06EFB76416490BF1D0F = { isa = PBXFileReference; lastKnownFileType = sourcecode.swift; path = "ServerInsights.swift"; sourceTree = "<group>"; };
BAAF50BFBB84A0C6B7DA2890 = { isa = PBXBuildFile; fileRef = 10D3C06EFB76416490BF1D0F; };
A7C4D27FED98EBA823D8CC4C = { isa = PBXFileReference; lastKnownFileType = sourcecode.swift; path = "ServerTerminal.swift"; sourceTree = "<group>"; };
B3D652E04CE620F14BAC3C30 = { isa = PBXBuildFile; fileRef = A7C4D27FED98EBA823D8CC4C; };
115295D250769A3891AEFD53 = { isa = PBXFileReference; lastKnownFileType = sourcecode.swift; path = "ServerWebSession.swift"; sourceTree = "<group>"; };
671EA6541493B38A6DB09D32 = { isa = PBXBuildFile; fileRef = 115295D250769A3891AEFD53; };
D159EC39423CC527BC8B7A23 = { isa = PBXFileReference; lastKnownFileType = sourcecode.swift; path = "TailnetStore.swift"; sourceTree = "<group>"; };
2AE2E5634C3D1F2FC02D7B8F = { isa = PBXBuildFile; fileRef = D159EC39423CC527BC8B7A23; };
1DFBAF75C9784D06D0CB3573 = { isa = PBXFileReference; lastKnownFileType = sourcecode.swift; path = "UnraidClient.swift"; sourceTree = "<group>"; };
2B5C2C0A4BA51142FE3ABE91 = { isa = PBXBuildFile; fileRef = 1DFBAF75C9784D06D0CB3573; };
7A313E98819C9C24CBAED7E8 = { isa = PBXFileReference; lastKnownFileType = sourcecode.swift; path = "UnraidSignIn.swift"; sourceTree = "<group>"; };
AC37BB459556002166E8AA90 = { isa = PBXBuildFile; fileRef = 7A313E98819C9C24CBAED7E8; };
3685E330EC5277A9DD5661C6 = { isa = PBXFileReference; lastKnownFileType = folder.assetcatalog; path = Assets.xcassets; sourceTree = "<group>"; };
9E0C54E4573EBB5A160F5621 = { isa = PBXBuildFile; fileRef = 3685E330EC5277A9DD5661C6; };
A39EA9C72A98DE10375B0A35 = { isa = PBXFileReference; lastKnownFileType = text; path = ThirdPartyNotices.txt; sourceTree = "<group>"; };
29FFA5283264C723E2F3F77D = { isa = PBXBuildFile; fileRef = A39EA9C72A98DE10375B0A35; };
96ED5C5789B174A01557791C = { isa = PBXFileReference; lastKnownFileType = text.xml; path = PrivacyInfo.xcprivacy; sourceTree = "<group>"; };
E7A4DB31B7711884AA210878 = { isa = PBXBuildFile; fileRef = 96ED5C5789B174A01557791C; };
BA7503AF92021E91D91A52CB = { isa = PBXGroup; children = (31588EA4D95FB1FD4E3C41A8, 3E096E673A0D0958E58CCF28, 1CE5F84E099BBBBA2E007277, 9577601B35B2725E629C266E, 55AC56A62BAC3E9F621F4E8B, 94D1A0CAFF855ED0D9FD6943, DD5A035F21D4D1EDCC8194D4, 99061CC89EE0A54B7C4ACF98, 1FFBD0FE22AB3C26DAF80085, 1D46A493B6C7CD697AD7FDA2, 08E0EBDD0414AC15938298CC, 85688EC01F11CF49900448C8, 538437F69661442DAEFF3D0C, 7851A5488ED4BB4AA44F0E59, E1CF312296E4AE85295F83BE, B973CC7FFFCCC6E44C01D2C4, 6165AD966EA298852AB96F80, 7F825B6873DB6174DC8368E3, E93B53C1C7AF1858ED5F5A31, 15B553D924795FFDC440551C, 3F6BD02550B63EC38A6C64FD, F87153C2043910B6F0329FC0, 3D3E23AB0F00DD5069541D33, A18F5FE664C8938663475316, 1116312D7056FC4C697E0A12, 10D3C06EFB76416490BF1D0F, A7C4D27FED98EBA823D8CC4C, 115295D250769A3891AEFD53, D159EC39423CC527BC8B7A23, 1DFBAF75C9784D06D0CB3573, 7A313E98819C9C24CBAED7E8, 3685E330EC5277A9DD5661C6, A39EA9C72A98DE10375B0A35, 96ED5C5789B174A01557791C,); path = AsterOS; sourceTree = "<group>"; };
EC473B94904491DD96CF75F7 = { isa = PBXSourcesBuildPhase; buildActionMask = 2147483647; files = (3DB816054F20352945B1D225, 99534D3A62CF3E80C633E498, FFDE4DD8F028CED98BBFBAE4, C42CEAF00DA7AEED52FD0A6A, 6EB88BB56FB0B286D5164FF1, B45E25F8D3B9026AAC47B7BA, B9B82C461F02461D0C22ACBD, 180BC79C08F2167CDC7E805F, A0C4C26B7EC358C8A1E871F3, 7B57FDEAD38CED57BDD21409, 71F12D79FA7E7F516944BE41, 951618740FB36DF7F89A6172, EB25CA4B07C439CF2FC2126F, 18552DDC5E272D940F6FEDDC, 19DBC4548E17845949F733CF, 458AC5A95C1A4B4DA1F00378, 435580239DDE845EE58E9923, 99CD0584FD34F44060D4F3A6, 712A6BE1E7C744D831E9DFF8, 648F2C172D9A6960B44354C5, AC22D8F956719E754AAD03DC, 0E52CAB150DD6AF38392C1DF, 8725249512A65AA5E96832DC, CFB57CF62F1BDE252CA725B6, 7C9387AF62A07ECF9AEF4D37, BAAF50BFBB84A0C6B7DA2890, B3D652E04CE620F14BAC3C30, 671EA6541493B38A6DB09D32, 2AE2E5634C3D1F2FC02D7B8F, 2B5C2C0A4BA51142FE3ABE91, AC37BB459556002166E8AA90,); runOnlyForDeploymentPostprocessing = 0; };
904B85FE9F1B77666698B890 = { isa = PBXFrameworksBuildPhase; buildActionMask = 2147483647; files = (558D702218B612FB0EBBA09D, 59C2CCEB724975B850E336A4,); runOnlyForDeploymentPostprocessing = 0; };
926CCA17AD4B9A2B4A915663 = { isa = PBXResourcesBuildPhase; buildActionMask = 2147483647; files = (9E0C54E4573EBB5A160F5621, 29FFA5283264C723E2F3F77D, E7A4DB31B7711884AA210878,); runOnlyForDeploymentPostprocessing = 0; };
3F2BA18B8D75AD63AC7B3DB1 = { isa = PBXFileReference; lastKnownFileType = sourcecode.swift; path = "AsterOSTests.swift"; sourceTree = "<group>"; };
193E7BEAF59F333209B4305B = { isa = PBXBuildFile; fileRef = 3F2BA18B8D75AD63AC7B3DB1; };
5DCA33AB3E6BCA7A853086E9 = { isa = PBXFileReference; lastKnownFileType = sourcecode.swift; path = "ContainerHealthTests.swift"; sourceTree = "<group>"; };
85E1EF2653A4242AE6427B0C = { isa = PBXBuildFile; fileRef = 5DCA33AB3E6BCA7A853086E9; };
898EF5F202C68D472A10C639 = { isa = PBXFileReference; lastKnownFileType = sourcecode.swift; path = "DashboardTests.swift"; sourceTree = "<group>"; };
5EBA6E45FE6B631BAB4ED585 = { isa = PBXBuildFile; fileRef = 898EF5F202C68D472A10C639; };
18B4DCEEC49188F0C208609C = { isa = PBXFileReference; lastKnownFileType = sourcecode.swift; path = "PhotoBackupBackgroundTests.swift"; sourceTree = "<group>"; };
4F4E5E355A70D3DF3BF494CB = { isa = PBXBuildFile; fileRef = 18B4DCEEC49188F0C208609C; };
D320AD30DF80BDB537D18E70 = { isa = PBXFileReference; lastKnownFileType = sourcecode.swift; path = "PhotoBackupResumeTests.swift"; sourceTree = "<group>"; };
F2A5749186C58689173B0DC7 = { isa = PBXBuildFile; fileRef = D320AD30DF80BDB537D18E70; };
325203C210373412071ADCD3 = { isa = PBXFileReference; lastKnownFileType = sourcecode.swift; path = "PhotoDownloadRecoveryTests.swift"; sourceTree = "<group>"; };
E5935A56EB13682715CF925C = { isa = PBXBuildFile; fileRef = 325203C210373412071ADCD3; };
7B390AA0B940F45283E2D516 = { isa = PBXFileReference; lastKnownFileType = sourcecode.swift; path = "ReleaseReadinessTests.swift"; sourceTree = "<group>"; };
31AEC4EB89E28C9FD51D2253 = { isa = PBXBuildFile; fileRef = 7B390AA0B940F45283E2D516; };
22C9637E755A29F2E3C3D7D1 = { isa = PBXFileReference; lastKnownFileType = sourcecode.swift; path = "ReviewDemoTests.swift"; sourceTree = "<group>"; };
7CE57638780475B73D31CA04 = { isa = PBXBuildFile; fileRef = 22C9637E755A29F2E3C3D7D1; };
C4E3E92BAECF92EA0041B199 = { isa = PBXGroup; children = (3F2BA18B8D75AD63AC7B3DB1, 5DCA33AB3E6BCA7A853086E9, 898EF5F202C68D472A10C639, 18B4DCEEC49188F0C208609C, D320AD30DF80BDB537D18E70, 325203C210373412071ADCD3, 7B390AA0B940F45283E2D516, 22C9637E755A29F2E3C3D7D1,); path = AsterOSTests; sourceTree = "<group>"; };
AD73F36B17E72A075D2D4E8C = { isa = PBXSourcesBuildPhase; buildActionMask = 2147483647; files = (193E7BEAF59F333209B4305B, 85E1EF2653A4242AE6427B0C, 5EBA6E45FE6B631BAB4ED585, 4F4E5E355A70D3DF3BF494CB, F2A5749186C58689173B0DC7, E5935A56EB13682715CF925C, 31AEC4EB89E28C9FD51D2253, 7CE57638780475B73D31CA04,); runOnlyForDeploymentPostprocessing = 0; };
22C0736305F1BF090ADD5F4D = { isa = PBXFrameworksBuildPhase; buildActionMask = 2147483647; files = (); runOnlyForDeploymentPostprocessing = 0; };
C19C00FF2E9828BC63CB62E7 = { isa = PBXResourcesBuildPhase; buildActionMask = 2147483647; files = (); runOnlyForDeploymentPostprocessing = 0; };
4A780117111CFD166BE22E39 = { isa = PBXFileReference; explicitFileType = wrapper.application; includeInIndex = 0; path = AsterOS.app; sourceTree = BUILT_PRODUCTS_DIR; };
927196E29EAAAEF162EB4DC6 = { isa = PBXFileReference; explicitFileType = wrapper.cfbundle; includeInIndex = 0; path = AsterOSTests.xctest; sourceTree = BUILT_PRODUCTS_DIR; };
FBDC4F23F93125BBEEAE800C = { isa = PBXGroup; children = (4A780117111CFD166BE22E39, 927196E29EAAAEF162EB4DC6,); name = Products; sourceTree = "<group>"; };
B28B7AF69320201D1CF206EB = { isa = PBXGroup; children = (BA7503AF92021E91D91A52CB, C4E3E92BAECF92EA0041B199, A024E0D1CBBC1E58F037DC6C, FBDC4F23F93125BBEEAE800C,); sourceTree = "<group>"; };
1070A309A522EB6B44B7E462 = { isa = XCBuildConfiguration; buildSettings = { CLANG_ENABLE_MODULES = "YES"; DEBUG_INFORMATION_FORMAT = "dwarf"; ENABLE_TESTABILITY = "YES"; IPHONEOS_DEPLOYMENT_TARGET = "18.1"; ONLY_ACTIVE_ARCH = "YES"; SDKROOT = "iphoneos"; SWIFT_ACTIVE_COMPILATION_CONDITIONS = "DEBUG"; SWIFT_OPTIMIZATION_LEVEL = "-Onone"; SWIFT_VERSION = "5.0"; TARGETED_DEVICE_FAMILY = "1,2"; }; name = Debug; };
C6F752A77F3E1AEB375FA37E = { isa = XCBuildConfiguration; buildSettings = { CLANG_ENABLE_MODULES = "YES"; DEBUG_INFORMATION_FORMAT = "dwarf-with-dsym"; IPHONEOS_DEPLOYMENT_TARGET = "18.1"; SDKROOT = "iphoneos"; SWIFT_OPTIMIZATION_LEVEL = "-O"; SWIFT_VERSION = "5.0"; TARGETED_DEVICE_FAMILY = "1,2"; }; name = Release; };
04A89D6BBF7745977D58D570 = { isa = XCConfigurationList; buildConfigurations = (1070A309A522EB6B44B7E462, C6F752A77F3E1AEB375FA37E,); defaultConfigurationIsVisible = 0; defaultConfigurationName = Release; };
B4677A2897833278844E9AD8 = { isa = XCBuildConfiguration; buildSettings = { ASSETCATALOG_COMPILER_APPICON_NAME = "AppIcon"; CLANG_ENABLE_MODULES = "YES"; CODE_SIGN_STYLE = "Automatic"; CURRENT_PROJECT_VERSION = "7"; DEBUG_INFORMATION_FORMAT = "dwarf"; ENABLE_TESTABILITY = "YES"; GENERATE_INFOPLIST_FILE = "YES"; INFOPLIST_FILE = "AsterOS/Info.plist"; INFOPLIST_KEY_CFBundleDisplayName = "AsterOS"; INFOPLIST_KEY_NSLocalNetworkUsageDescription = "Connect to the Unraid server and apps you add on your local network."; INFOPLIST_KEY_NSPhotoLibraryUsageDescription = "Back up the photos and videos you allow to your chosen Unraid share. AsterOS never deletes your originals."; INFOPLIST_KEY_UIApplicationSceneManifest_Generation = "YES"; INFOPLIST_KEY_UILaunchScreen_Generation = "YES"; INFOPLIST_KEY_UISupportedInterfaceOrientations = "UIInterfaceOrientationPortrait UIInterfaceOrientationLandscapeLeft UIInterfaceOrientationLandscapeRight"; INFOPLIST_KEY_UISupportedInterfaceOrientations_iPad = "UIInterfaceOrientationPortrait UIInterfaceOrientationPortraitUpsideDown UIInterfaceOrientationLandscapeLeft UIInterfaceOrientationLandscapeRight"; IPHONEOS_DEPLOYMENT_TARGET = "18.1"; LD_RUNPATH_SEARCH_PATHS = "$(inherited) @executable_path/Frameworks"; MARKETING_VERSION = "0.1.0"; ONLY_ACTIVE_ARCH = "YES"; PRODUCT_BUNDLE_IDENTIFIER = "com.asterlinelabs.asteros"; PRODUCT_NAME = "$(TARGET_NAME)"; SDKROOT = "iphoneos"; SUPPORTED_PLATFORMS = "iphoneos iphonesimulator"; SWIFT_ACTIVE_COMPILATION_CONDITIONS = "DEBUG"; SWIFT_OPTIMIZATION_LEVEL = "-Onone"; SWIFT_VERSION = "5.0"; TARGETED_DEVICE_FAMILY = "1,2"; }; name = Debug; };
2ED9758799A4A23E6E509B7E = { isa = XCBuildConfiguration; buildSettings = { ASSETCATALOG_COMPILER_APPICON_NAME = "AppIcon"; CLANG_ENABLE_MODULES = "YES"; CODE_SIGN_STYLE = "Automatic"; CURRENT_PROJECT_VERSION = "7"; DEBUG_INFORMATION_FORMAT = "dwarf-with-dsym"; GENERATE_INFOPLIST_FILE = "YES"; INFOPLIST_FILE = "AsterOS/Info.plist"; INFOPLIST_KEY_CFBundleDisplayName = "AsterOS"; INFOPLIST_KEY_NSLocalNetworkUsageDescription = "Connect to the Unraid server and apps you add on your local network."; INFOPLIST_KEY_NSPhotoLibraryUsageDescription = "Back up the photos and videos you allow to your chosen Unraid share. AsterOS never deletes your originals."; INFOPLIST_KEY_UIApplicationSceneManifest_Generation = "YES"; INFOPLIST_KEY_UILaunchScreen_Generation = "YES"; INFOPLIST_KEY_UISupportedInterfaceOrientations = "UIInterfaceOrientationPortrait UIInterfaceOrientationLandscapeLeft UIInterfaceOrientationLandscapeRight"; INFOPLIST_KEY_UISupportedInterfaceOrientations_iPad = "UIInterfaceOrientationPortrait UIInterfaceOrientationPortraitUpsideDown UIInterfaceOrientationLandscapeLeft UIInterfaceOrientationLandscapeRight"; IPHONEOS_DEPLOYMENT_TARGET = "18.1"; LD_RUNPATH_SEARCH_PATHS = "$(inherited) @executable_path/Frameworks"; MARKETING_VERSION = "0.1.0"; PRODUCT_BUNDLE_IDENTIFIER = "com.asterlinelabs.asteros"; PRODUCT_NAME = "$(TARGET_NAME)"; SDKROOT = "iphoneos"; SUPPORTED_PLATFORMS = "iphoneos iphonesimulator"; SWIFT_OPTIMIZATION_LEVEL = "-O"; SWIFT_VERSION = "5.0"; TARGETED_DEVICE_FAMILY = "1,2"; }; name = Release; };
712C45FCC59E242323D74816 = { isa = XCConfigurationList; buildConfigurations = (B4677A2897833278844E9AD8, 2ED9758799A4A23E6E509B7E,); defaultConfigurationIsVisible = 0; defaultConfigurationName = Release; };
2067CA2635823B4A79FD4B0D = { isa = XCBuildConfiguration; buildSettings = { BUNDLE_LOADER = "$(TEST_HOST)"; CLANG_ENABLE_MODULES = "YES"; CODE_SIGN_STYLE = "Automatic"; CURRENT_PROJECT_VERSION = "7"; DEBUG_INFORMATION_FORMAT = "dwarf"; ENABLE_TESTABILITY = "YES"; GENERATE_INFOPLIST_FILE = "YES"; IPHONEOS_DEPLOYMENT_TARGET = "18.1"; LD_RUNPATH_SEARCH_PATHS = "$(inherited) @executable_path/Frameworks @loader_path/Frameworks"; MARKETING_VERSION = "0.1.0"; ONLY_ACTIVE_ARCH = "YES"; PRODUCT_BUNDLE_IDENTIFIER = "com.asterlinelabs.asterostests"; PRODUCT_NAME = "$(TARGET_NAME)"; SDKROOT = "iphoneos"; SUPPORTED_PLATFORMS = "iphoneos iphonesimulator"; SWIFT_ACTIVE_COMPILATION_CONDITIONS = "DEBUG"; SWIFT_OPTIMIZATION_LEVEL = "-Onone"; SWIFT_VERSION = "5.0"; TARGETED_DEVICE_FAMILY = "1,2"; TEST_HOST = "$(BUILT_PRODUCTS_DIR)/AsterOS.app/AsterOS"; }; name = Debug; };
11C615FF4295F4A2F8F8ACA1 = { isa = XCBuildConfiguration; buildSettings = { BUNDLE_LOADER = "$(TEST_HOST)"; CLANG_ENABLE_MODULES = "YES"; CODE_SIGN_STYLE = "Automatic"; CURRENT_PROJECT_VERSION = "7"; DEBUG_INFORMATION_FORMAT = "dwarf-with-dsym"; GENERATE_INFOPLIST_FILE = "YES"; IPHONEOS_DEPLOYMENT_TARGET = "18.1"; LD_RUNPATH_SEARCH_PATHS = "$(inherited) @executable_path/Frameworks @loader_path/Frameworks"; MARKETING_VERSION = "0.1.0"; PRODUCT_BUNDLE_IDENTIFIER = "com.asterlinelabs.asterostests"; PRODUCT_NAME = "$(TARGET_NAME)"; SDKROOT = "iphoneos"; SUPPORTED_PLATFORMS = "iphoneos iphonesimulator"; SWIFT_OPTIMIZATION_LEVEL = "-O"; SWIFT_VERSION = "5.0"; TARGETED_DEVICE_FAMILY = "1,2"; TEST_HOST = "$(BUILT_PRODUCTS_DIR)/AsterOS.app/AsterOS"; }; name = Release; };
05D64917403DB743EF2942F6 = { isa = XCConfigurationList; buildConfigurations = (2067CA2635823B4A79FD4B0D, 11C615FF4295F4A2F8F8ACA1,); defaultConfigurationIsVisible = 0; defaultConfigurationName = Release; };
D799BAE6088A90139B415FCC = { isa = PBXContainerItemProxy; containerPortal = 98F54143AB4E86B28C3AFEE0; proxyType = 1; remoteGlobalIDString = DB123EE42E28CA18010776B7; remoteInfo = AsterOS; };
DE58E2B17C19600779694943 = { isa = PBXTargetDependency; target = DB123EE42E28CA18010776B7; targetProxy = D799BAE6088A90139B415FCC; };
18BA6D7E09ED7E7B5782718E = { isa = PBXCopyFilesBuildPhase; buildActionMask = 2147483647; dstPath = ""; dstSubfolderSpec = 10; files = (48E8E3276E1953B418C66F87,); name = "Embed TailscaleKit"; runOnlyForDeploymentPostprocessing = 0; };
DB123EE42E28CA18010776B7 = { isa = PBXNativeTarget; buildConfigurationList = 712C45FCC59E242323D74816; buildPhases = (EC473B94904491DD96CF75F7, 904B85FE9F1B77666698B890, 926CCA17AD4B9A2B4A915663, 18BA6D7E09ED7E7B5782718E,); buildRules = (); dependencies = (); packageProductDependencies = (9DACF4B151B7957062D8D2F6,); name = AsterOS; productName = AsterOS; productReference = 4A780117111CFD166BE22E39; productType = "com.apple.product-type.application"; };
2B568DFA97022EFA16158586 = { isa = PBXNativeTarget; buildConfigurationList = 05D64917403DB743EF2942F6; buildPhases = (AD73F36B17E72A075D2D4E8C, 22C0736305F1BF090ADD5F4D, C19C00FF2E9828BC63CB62E7,); buildRules = (); dependencies = (DE58E2B17C19600779694943,); packageProductDependencies = (); name = AsterOSTests; productName = AsterOSTests; productReference = 927196E29EAAAEF162EB4DC6; productType = "com.apple.product-type.bundle.unit-test"; };
98F54143AB4E86B28C3AFEE0 = { isa = PBXProject; attributes = { LastUpgradeCheck = 1600; BuildIndependentTargetsInParallel = YES; }; buildConfigurationList = 04A89D6BBF7745977D58D570; compatibilityVersion = "Xcode 14.0"; developmentRegion = en; hasScannedForEncodings = 0; knownRegions = (en, Base); mainGroup = B28B7AF69320201D1CF206EB; productRefGroup = FBDC4F23F93125BBEEAE800C; projectDirPath = ""; projectRoot = ""; packageReferences = (7097B8415BC81A1DCCAD5F71,); targets = (DB123EE42E28CA18010776B7, 2B568DFA97022EFA16158586,); };
}; rootObject = 98F54143AB4E86B28C3AFEE0; }
