// !$*UTF8*$!
{ archiveVersion = 1; classes = {}; objectVersion = 56; objects = {
31588EA4D95FB1FD4E3C41A8 = { isa = PBXFileReference; lastKnownFileType = sourcecode.swift; path = "AppBrowser.swift"; sourceTree = "<group>"; };
3DB816054F20352945B1D225 = { isa = PBXBuildFile; fileRef = 31588EA4D95FB1FD4E3C41A8; };
9577601B35B2725E629C266E = { isa = PBXFileReference; lastKnownFileType = sourcecode.swift; path = "AppStore.swift"; sourceTree = "<group>"; };
C42CEAF00DA7AEED52FD0A6A = { isa = PBXBuildFile; fileRef = 9577601B35B2725E629C266E; };
55AC56A62BAC3E9F621F4E8B = { isa = PBXFileReference; lastKnownFileType = sourcecode.swift; path = "AsterOSApp.swift"; sourceTree = "<group>"; };
6EB88BB56FB0B286D5164FF1 = { isa = PBXBuildFile; fileRef = 55AC56A62BAC3E9F621F4E8B; };
94D1A0CAFF855ED0D9FD6943 = { isa = PBXFileReference; lastKnownFileType = sourcecode.swift; path = "CompanionFiles.swift"; sourceTree = "<group>"; };
B45E25F8D3B9026AAC47B7BA = { isa = PBXBuildFile; fileRef = 94D1A0CAFF855ED0D9FD6943; };
1FFBD0FE22AB3C26DAF80085 = { isa = PBXFileReference; lastKnownFileType = sourcecode.swift; path = "CredentialStore.swift"; sourceTree = "<group>"; };
A0C4C26B7EC358C8A1E871F3 = { isa = PBXBuildFile; fileRef = 1FFBD0FE22AB3C26DAF80085; };
E1CF312296E4AE85295F83BE = { isa = PBXFileReference; lastKnownFileType = sourcecode.swift; path = "Models.swift"; sourceTree = "<group>"; };
19DBC4548E17845949F733CF = { isa = PBXBuildFile; fileRef = E1CF312296E4AE85295F83BE; };
1DFBAF75C9784D06D0CB3573 = { isa = PBXFileReference; lastKnownFileType = sourcecode.swift; path = "UnraidClient.swift"; sourceTree = "<group>"; };
2B5C2C0A4BA51142FE3ABE91 = { isa = PBXBuildFile; fileRef = 1DFBAF75C9784D06D0CB3573; };
BA7503AF92021E91D91A52CB = { isa = PBXGroup; children = (31588EA4D95FB1FD4E3C41A8, 9577601B35B2725E629C266E, 55AC56A62BAC3E9F621F4E8B, 94D1A0CAFF855ED0D9FD6943, 1FFBD0FE22AB3C26DAF80085, E1CF312296E4AE85295F83BE, 1DFBAF75C9784D06D0CB3573,); path = AsterOS; sourceTree = "<group>"; };
EC473B94904491DD96CF75F7 = { isa = PBXSourcesBuildPhase; buildActionMask = 2147483647; files = (3DB816054F20352945B1D225, C42CEAF00DA7AEED52FD0A6A, 6EB88BB56FB0B286D5164FF1, B45E25F8D3B9026AAC47B7BA, A0C4C26B7EC358C8A1E871F3, 19DBC4548E17845949F733CF, 2B5C2C0A4BA51142FE3ABE91,); runOnlyForDeploymentPostprocessing = 0; };
904B85FE9F1B77666698B890 = { isa = PBXFrameworksBuildPhase; buildActionMask = 2147483647; files = (); runOnlyForDeploymentPostprocessing = 0; };
926CCA17AD4B9A2B4A915663 = { isa = PBXResourcesBuildPhase; buildActionMask = 2147483647; files = (); runOnlyForDeploymentPostprocessing = 0; };
3F2BA18B8D75AD63AC7B3DB1 = { isa = PBXFileReference; lastKnownFileType = sourcecode.swift; path = "AsterOSTests.swift"; sourceTree = "<group>"; };
193E7BEAF59F333209B4305B = { isa = PBXBuildFile; fileRef = 3F2BA18B8D75AD63AC7B3DB1; };
C4E3E92BAECF92EA0041B199 = { isa = PBXGroup; children = (3F2BA18B8D75AD63AC7B3DB1,); path = AsterOSTests; sourceTree = "<group>"; };
AD73F36B17E72A075D2D4E8C = { isa = PBXSourcesBuildPhase; buildActionMask = 2147483647; files = (193E7BEAF59F333209B4305B,); runOnlyForDeploymentPostprocessing = 0; };
22C0736305F1BF090ADD5F4D = { isa = PBXFrameworksBuildPhase; buildActionMask = 2147483647; files = (); runOnlyForDeploymentPostprocessing = 0; };
C19C00FF2E9828BC63CB62E7 = { isa = PBXResourcesBuildPhase; buildActionMask = 2147483647; files = (); runOnlyForDeploymentPostprocessing = 0; };
4A780117111CFD166BE22E39 = { isa = PBXFileReference; explicitFileType = wrapper.application; includeInIndex = 0; path = AsterOS.app; sourceTree = BUILT_PRODUCTS_DIR; };
927196E29EAAAEF162EB4DC6 = { isa = PBXFileReference; explicitFileType = wrapper.cfbundle; includeInIndex = 0; path = AsterOSTests.xctest; sourceTree = BUILT_PRODUCTS_DIR; };
FBDC4F23F93125BBEEAE800C = { isa = PBXGroup; children = (4A780117111CFD166BE22E39, 927196E29EAAAEF162EB4DC6,); name = Products; sourceTree = "<group>"; };
B28B7AF69320201D1CF206EB = { isa = PBXGroup; children = (BA7503AF92021E91D91A52CB, C4E3E92BAECF92EA0041B199, FBDC4F23F93125BBEEAE800C,); sourceTree = "<group>"; };
1070A309A522EB6B44B7E462 = { isa = XCBuildConfiguration; buildSettings = { CLANG_ENABLE_MODULES = "YES"; DEBUG_INFORMATION_FORMAT = "dwarf"; ENABLE_TESTABILITY = "YES"; IPHONEOS_DEPLOYMENT_TARGET = "17.0"; SDKROOT = "iphoneos"; SWIFT_ACTIVE_COMPILATION_CONDITIONS = "DEBUG"; SWIFT_OPTIMIZATION_LEVEL = "-Onone"; SWIFT_VERSION = "5.0"; TARGETED_DEVICE_FAMILY = "1,2"; }; name = Debug; };
C6F752A77F3E1AEB375FA37E = { isa = XCBuildConfiguration; buildSettings = { CLANG_ENABLE_MODULES = "YES"; DEBUG_INFORMATION_FORMAT = "dwarf-with-dsym"; IPHONEOS_DEPLOYMENT_TARGET = "17.0"; SDKROOT = "iphoneos"; SWIFT_OPTIMIZATION_LEVEL = "-O"; SWIFT_VERSION = "5.0"; TARGETED_DEVICE_FAMILY = "1,2"; }; name = Release; };
04A89D6BBF7745977D58D570 = { isa = XCConfigurationList; buildConfigurations = (1070A309A522EB6B44B7E462, C6F752A77F3E1AEB375FA37E,); defaultConfigurationIsVisible = 0; defaultConfigurationName = Release; };
B4677A2897833278844E9AD8 = { isa = XCBuildConfiguration; buildSettings = { CLANG_ENABLE_MODULES = "YES"; CODE_SIGN_STYLE = "Automatic"; CURRENT_PROJECT_VERSION = "1"; DEBUG_INFORMATION_FORMAT = "dwarf"; ENABLE_TESTABILITY = "YES"; GENERATE_INFOPLIST_FILE = "YES"; INFOPLIST_KEY_CFBundleDisplayName = "AsterOS"; INFOPLIST_KEY_NSLocalNetworkUsageDescription = "Connect to the Unraid server and apps you add on your local network."; INFOPLIST_KEY_UIApplicationSceneManifest_Generation = "YES"; INFOPLIST_KEY_UILaunchScreen_Generation = "YES"; INFOPLIST_KEY_UISupportedInterfaceOrientations = "UIInterfaceOrientationPortrait UIInterfaceOrientationLandscapeLeft UIInterfaceOrientationLandscapeRight"; INFOPLIST_KEY_UISupportedInterfaceOrientations_iPad = "UIInterfaceOrientationPortrait UIInterfaceOrientationPortraitUpsideDown UIInterfaceOrientationLandscapeLeft UIInterfaceOrientationLandscapeRight"; IPHONEOS_DEPLOYMENT_TARGET = "17.0"; LD_RUNPATH_SEARCH_PATHS = "$(inherited) @executable_path/Frameworks"; MARKETING_VERSION = "0.1.0"; PRODUCT_BUNDLE_IDENTIFIER = "com.asterlinelabs.asteros"; PRODUCT_NAME = "$(TARGET_NAME)"; SDKROOT = "iphoneos"; SUPPORTED_PLATFORMS = "iphoneos iphonesimulator"; SWIFT_ACTIVE_COMPILATION_CONDITIONS = "DEBUG"; SWIFT_OPTIMIZATION_LEVEL = "-Onone"; SWIFT_VERSION = "5.0"; TARGETED_DEVICE_FAMILY = "1,2"; }; name = Debug; };
2ED9758799A4A23E6E509B7E = { isa = XCBuildConfiguration; buildSettings = { CLANG_ENABLE_MODULES = "YES"; CODE_SIGN_STYLE = "Automatic"; CURRENT_PROJECT_VERSION = "1"; DEBUG_INFORMATION_FORMAT = "dwarf-with-dsym"; GENERATE_INFOPLIST_FILE = "YES"; INFOPLIST_KEY_CFBundleDisplayName = "AsterOS"; INFOPLIST_KEY_NSLocalNetworkUsageDescription = "Connect to the Unraid server and apps you add on your local network."; INFOPLIST_KEY_UIApplicationSceneManifest_Generation = "YES"; INFOPLIST_KEY_UILaunchScreen_Generation = "YES"; INFOPLIST_KEY_UISupportedInterfaceOrientations = "UIInterfaceOrientationPortrait UIInterfaceOrientationLandscapeLeft UIInterfaceOrientationLandscapeRight"; INFOPLIST_KEY_UISupportedInterfaceOrientations_iPad = "UIInterfaceOrientationPortrait UIInterfaceOrientationPortraitUpsideDown UIInterfaceOrientationLandscapeLeft UIInterfaceOrientationLandscapeRight"; IPHONEOS_DEPLOYMENT_TARGET = "17.0"; LD_RUNPATH_SEARCH_PATHS = "$(inherited) @executable_path/Frameworks"; MARKETING_VERSION = "0.1.0"; PRODUCT_BUNDLE_IDENTIFIER = "com.asterlinelabs.asteros"; PRODUCT_NAME = "$(TARGET_NAME)"; SDKROOT = "iphoneos"; SUPPORTED_PLATFORMS = "iphoneos iphonesimulator"; SWIFT_OPTIMIZATION_LEVEL = "-O"; SWIFT_VERSION = "5.0"; TARGETED_DEVICE_FAMILY = "1,2"; }; name = Release; };
712C45FCC59E242323D74816 = { isa = XCConfigurationList; buildConfigurations = (B4677A2897833278844E9AD8, 2ED9758799A4A23E6E509B7E,); defaultConfigurationIsVisible = 0; defaultConfigurationName = Release; };
2067CA2635823B4A79FD4B0D = { isa = XCBuildConfiguration; buildSettings = { BUNDLE_LOADER = "$(TEST_HOST)"; CLANG_ENABLE_MODULES = "YES"; CODE_SIGN_STYLE = "Automatic"; CURRENT_PROJECT_VERSION = "1"; DEBUG_INFORMATION_FORMAT = "dwarf"; ENABLE_TESTABILITY = "YES"; GENERATE_INFOPLIST_FILE = "YES"; IPHONEOS_DEPLOYMENT_TARGET = "17.0"; LD_RUNPATH_SEARCH_PATHS = "$(inherited) @executable_path/Frameworks @loader_path/Frameworks"; MARKETING_VERSION = "0.1.0"; PRODUCT_BUNDLE_IDENTIFIER = "com.asterlinelabs.asterostests"; PRODUCT_NAME = "$(TARGET_NAME)"; SDKROOT = "iphoneos"; SUPPORTED_PLATFORMS = "iphoneos iphonesimulator"; SWIFT_ACTIVE_COMPILATION_CONDITIONS = "DEBUG"; SWIFT_OPTIMIZATION_LEVEL = "-Onone"; SWIFT_VERSION = "5.0"; TARGETED_DEVICE_FAMILY = "1,2"; TEST_HOST = "$(BUILT_PRODUCTS_DIR)/AsterOS.app/AsterOS"; }; name = Debug; };
11C615FF4295F4A2F8F8ACA1 = { isa = XCBuildConfiguration; buildSettings = { BUNDLE_LOADER = "$(TEST_HOST)"; CLANG_ENABLE_MODULES = "YES"; CODE_SIGN_STYLE = "Automatic"; CURRENT_PROJECT_VERSION = "1"; DEBUG_INFORMATION_FORMAT = "dwarf-with-dsym"; GENERATE_INFOPLIST_FILE = "YES"; IPHONEOS_DEPLOYMENT_TARGET = "17.0"; LD_RUNPATH_SEARCH_PATHS = "$(inherited) @executable_path/Frameworks @loader_path/Frameworks"; MARKETING_VERSION = "0.1.0"; PRODUCT_BUNDLE_IDENTIFIER = "com.asterlinelabs.asterostests"; PRODUCT_NAME = "$(TARGET_NAME)"; SDKROOT = "iphoneos"; SUPPORTED_PLATFORMS = "iphoneos iphonesimulator"; SWIFT_OPTIMIZATION_LEVEL = "-O"; SWIFT_VERSION = "5.0"; TARGETED_DEVICE_FAMILY = "1,2"; TEST_HOST = "$(BUILT_PRODUCTS_DIR)/AsterOS.app/AsterOS"; }; name = Release; };
05D64917403DB743EF2942F6 = { isa = XCConfigurationList; buildConfigurations = (2067CA2635823B4A79FD4B0D, 11C615FF4295F4A2F8F8ACA1,); defaultConfigurationIsVisible = 0; defaultConfigurationName = Release; };
D799BAE6088A90139B415FCC = { isa = PBXContainerItemProxy; containerPortal = 98F54143AB4E86B28C3AFEE0; proxyType = 1; remoteGlobalIDString = DB123EE42E28CA18010776B7; remoteInfo = AsterOS; };
DE58E2B17C19600779694943 = { isa = PBXTargetDependency; target = DB123EE42E28CA18010776B7; targetProxy = D799BAE6088A90139B415FCC; };
DB123EE42E28CA18010776B7 = { isa = PBXNativeTarget; buildConfigurationList = 712C45FCC59E242323D74816; buildPhases = (EC473B94904491DD96CF75F7, 904B85FE9F1B77666698B890, 926CCA17AD4B9A2B4A915663,); buildRules = (); dependencies = (); name = AsterOS; productName = AsterOS; productReference = 4A780117111CFD166BE22E39; productType = "com.apple.product-type.application"; };
2B568DFA97022EFA16158586 = { isa = PBXNativeTarget; buildConfigurationList = 05D64917403DB743EF2942F6; buildPhases = (AD73F36B17E72A075D2D4E8C, 22C0736305F1BF090ADD5F4D, C19C00FF2E9828BC63CB62E7,); buildRules = (); dependencies = (DE58E2B17C19600779694943,); name = AsterOSTests; productName = AsterOSTests; productReference = 927196E29EAAAEF162EB4DC6; productType = "com.apple.product-type.bundle.unit-test"; };
98F54143AB4E86B28C3AFEE0 = { isa = PBXProject; attributes = { LastUpgradeCheck = 1600; BuildIndependentTargetsInParallel = YES; }; buildConfigurationList = 04A89D6BBF7745977D58D570; compatibilityVersion = "Xcode 14.0"; developmentRegion = en; hasScannedForEncodings = 0; knownRegions = (en, Base); mainGroup = B28B7AF69320201D1CF206EB; productRefGroup = FBDC4F23F93125BBEEAE800C; projectDirPath = ""; projectRoot = ""; targets = (DB123EE42E28CA18010776B7, 2B568DFA97022EFA16158586,); };
}; rootObject = 98F54143AB4E86B28C3AFEE0; }
